// !$*UTF8*$!
{
	archiveVersion = 1;
	classes = {
	};
	objectVersion = 56;
	objects = {

/* Begin PBXBuildFile section */
		22AEB8A52B5A8850008D85F7 /* SwiftShowcaseApp.swift in Sources */ = {isa = PBXBuildFile; fileRef = 22AEB8A42B5A8850008D85F7 /* SwiftShowcaseApp.swift */; };
		22AEB8A72B5A8850008D85F7 /* ContentView.swift in Sources */ = {isa = PBXBuildFile; fileRef = 22AEB8A62B5A8850008D85F7 /* ContentView.swift */; };
		22AEB8A92B5A8850008D85F7 /* Item.swift in Sources */ = {isa = PBXBuildFile; fileRef = 22AEB8A82B5A8850008D85F7 /* Item.swift */; };
		22AEB8AB2B5A8851008D85F7 /* Assets.xcassets in Resources */ = {isa = PBXBuildFile; fileRef = 22AEB8AA2B5A8851008D85F7 /* Assets.xcassets */; };
		22AEB8AE2B5A8851008D85F7 /* Preview Assets.xcassets in Resources */ = {isa = PBXBuildFile; fileRef = 22AEB8AD2B5A8851008D85F7 /* Preview Assets.xcassets */; };
		22AEB8B82B5A8851008D85F7 /* SwiftShowcaseTests.swift in Sources */ = {isa = PBXBuildFile; fileRef = 22AEB8B72B5A8851008D85F7 /* SwiftShowcaseTests.swift */; };
		22AEB8C22B5A8851008D85F7 /* SwiftShowcaseUITests.swift in Sources */ = {isa = PBXBuildFile; fileRef = 22AEB8C12B5A8851008D85F7 /* SwiftShowcaseUITests.swift */; };
		22AEB8C42B5A8851008D85F7 /* SwiftShowcaseUITestsLaunchTests.swift in Sources */ = {isa = PBXBuildFile; fileRef = 22AEB8C32B5A8851008D85F7 /* SwiftShowcaseUITestsLaunchTests.swift */; };
/* End PBXBuildFile section */

/* Begin PBXContainerItemProxy section */
		22AEB8B42B5A8851008D85F7 /* PBXContainerItemProxy */ = {
			isa = PBXContainerItemProxy;
			containerPortal = 22AEB8992B5A8850008D85F7 /* Project object */;
			proxyType = 1;
			remoteGlobalIDString = 22AEB8A02B5A8850008D85F7;
			remoteInfo = SwiftShowcase;
		};
		22AEB8BE2B5A8851008D85F7 /* PBXContainerItemProxy */ = {
			isa = PBXContainerItemProxy;
			containerPortal = 22AEB8992B5A8850008D85F7 /* Project object */;
			proxyType = 1;
			remoteGlobalIDString = 22AEB8A02B5A8850008D85F7;
			remoteInfo = SwiftShowcase;
		};
/* End PBXContainerItemProxy section */

/* Begin PBXFileReference section */
		22AEB8A12B5A8850008D85F7 /* SwiftShowcase.app */ = {isa = PBXFileReference; explicitFileType = wrapper.application; includeInIndex = 0; path = SwiftShowcase.app; sourceTree = BUILT_PRODUCTS_DIR; };
		22AEB8A42B5A8850008D85F7 /* SwiftShowcaseApp.swift */ = {isa = PBXFileReference; lastKnownFileType = sourcecode.swift; path = SwiftShowcaseApp.swift; sourceTree = "<group>"; };
		22AEB8A62B5A8850008D85F7 /* ContentView.swift */ = {isa = PBXFileReference; lastKnownFileType = sourcecode.swift; path = ContentView.swift; sourceTree = "<group>"; };
		22AEB8A82B5A8850008D85F7 /* Item.swift */ = {isa = PBXFileReference; lastKnownFileType = sourcecode.swift; path = Item.swift; sourceTree = "<group>"; };
		22AEB8AA2B5A8851008D85F7 /* Assets.xcassets */ = {isa = PBXFileReference; lastKnownFileType = folder.assetcatalog; path = Assets.xcassets; sourceTree = "<group>"; };
		22AEB8AD2B5A8851008D85F7 /* Preview Assets.xcassets */ = {isa = PBXFileReference; lastKnownFileType = folder.assetcatalog; path = "Preview Assets.xcassets"; sourceTree = "<group>"; };
		22AEB8B32B5A8851008D85F7 /* SwiftShowcaseTests.xctest */ = {isa = PBXFileReference; explicitFileType = wrapper.cfbundle; includeInIndex = 0; path = SwiftShowcaseTests.xctest; sourceTree = BUILT_PRODUCTS_DIR; };
		22AEB8B72B5A8851008D85F7 /* SwiftShowcaseTests.swift */ = {isa = PBXFileReference; lastKnownFileType = sourcecode.swift; path = SwiftShowcaseTests.swift; sourceTree = "<group>"; };
		22AEB8BD2B5A8851008D85F7 /* SwiftShowcaseUITests.xctest */ = {isa = PBXFileReference; explicitFileType = wrapper.cfbundle; includeInIndex = 0; path = SwiftShowcaseUITests.xctest; sourceTree = BUILT_PRODUCTS_DIR; };
		22AEB8C12B5A8851008D85F7 /* SwiftShowcaseUITests.swift */ = {isa = PBXFileReference; lastKnownFileType = sourcecode.swift; path = SwiftShowcaseUITests.swift; sourceTree = "<group>"; };
		22AEB8C32B5A8851008D85F7 /* SwiftShowcaseUITestsLaunchTests.swift */ = {isa = PBXFileReference; lastKnownFileType = sourcecode.swift; path = SwiftShowcaseUITestsLaunchTests.swift; sourceTree = "<group>"; };
/* End PBXFileReference section */

/* Begin PBXFrameworksBuildPhase section */
		22AEB89E2B5A8850008D85F7 /* Frameworks */ = {
			isa = PBXFrameworksBuildPhase;
			buildActionMask = 2147483647;
			files = (
			);
			runOnlyForDeploymentPostprocessing = 0;
		};
		22AEB8B02B5A8851008D85F7 /* Frameworks */ = {
			isa = PBXFrameworksBuildPhase;
			buildActionMask = 2147483647;
			files = (
			);
			runOnlyForDeploymentPostprocessing = 0;
		};
		22AEB8BA2B5A8851008D85F7 /* Frameworks */ = {
			isa = PBXFrameworksBuildPhase;
			buildActionMask = 2147483647;
			files = (
			);
			runOnlyForDeploymentPostprocessing = 0;
		};
/* End PBXFrameworksBuildPhase section */

/* Begin PBXGroup section */
		22AEB8982B5A8850008D85F7 = {
			isa = PBXGroup;
			children = (
				22AEB8A32B5A8850008D85F7 /* SwiftShowcase */,
				22AEB8B62B5A8851008D85F7 /* SwiftShowcaseTests */,
				22AEB8C02B5A8851008D85F7 /* SwiftShowcaseUITests */,
				22AEB8A22B5A8850008D85F7 /* Products */,
			);
			sourceTree = "<group>";
		};
		22AEB8A22B5A8850008D85F7 /* Products */ = {
			isa = PBXGroup;
			children = (
				22AEB8A12B5A8850008D85F7 /* SwiftShowcase.app */,
				22AEB8B32B5A8851008D85F7 /* SwiftShowcaseTests.xctest */,
				22AEB8BD2B5A8851008D85F7 /* SwiftShowcaseUITests.xctest */,
			);
			name = Products;
			sourceTree = "<group>";
		};
		22AEB8A32B5A8850008D85F7 /* SwiftShowcase */ = {
			isa = PBXGroup;
			children = (
				22AEB8A42B5A8850008D85F7 /* SwiftShowcaseApp.swift */,
				22AEB8A62B5A8850008D85F7 /* ContentView.swift */,
				22AEB8A82B5A8850008D85F7 /* Item.swift */,
				22AEB8AA2B5A8851008D85F7 /* Assets.xcassets */,
				22AEB8AC2B5A8851008D85F7 /* Preview Content */,
			);
			path = SwiftShowcase;
			sourceTree = "<group>";
		};
		22AEB8AC2B5A8851008D85F7 /* Preview Content */ = {
			isa = PBXGroup;
			children = (
				22AEB8AD2B5A8851008D85F7 /* Preview Assets.xcassets */,
			);
			path = "Preview Content";
			sourceTree = "<group>";
		};
		22AEB8B62B5A8851008D85F7 /* SwiftShowcaseTests */ = {
			isa = PBXGroup;
			children = (
				22AEB8B72B5A8851008D85F7 /* SwiftShowcaseTests.swift */,
			);
			path = SwiftShowcaseTests;
			sourceTree = "<group>";
		};
		22AEB8C02B5A8851008D85F7 /* SwiftShowcaseUITests */ = {
			isa = PBXGroup;
			children = (
				22AEB8C12B5A8851008D85F7 /* SwiftShowcaseUITests.swift */,
				22AEB8C32B5A8851008D85F7 /* SwiftShowcaseUITestsLaunchTests.swift */,
			);
			path = SwiftShowcaseUITests;
			sourceTree = "<group>";
		};
/* End PBXGroup section */

/* Begin PBXNativeTarget section */
		22AEB8A02B5A8850008D85F7 /* SwiftShowcase */ = {
			isa = PBXNativeTarget;
			buildConfigurationList = 22AEB8C72B5A8851008D85F7 /* Build configuration list for PBXNativeTarget "SwiftShowcase" */;
			buildPhases = (
				22AEB89D2B5A8850008D85F7 /* Sources */,
				22AEB89E2B5A8850008D85F7 /* Frameworks */,
				22AEB89F2B5A8850008D85F7 /* Resources */,
			);
			buildRules = (
			);
			dependencies = (
				220778182B5D1AB7006411E8 /* PBXTargetDependency */,
			);
			name = SwiftShowcase;
			productName = SwiftShowcase;
			productReference = 22AEB8A12B5A8850008D85F7 /* SwiftShowcase.app */;
			productType = "com.apple.product-type.application";
		};
		22AEB8B22B5A8851008D85F7 /* SwiftShowcaseTests */ = {
			isa = PBXNativeTarget;
			buildConfigurationList = 22AEB8CA2B5A8851008D85F7 /* Build configuration list for PBXNativeTarget "SwiftShowcaseTests" */;
			buildPhases = (
				22AEB8AF2B5A8851008D85F7 /* Sources */,
				22AEB8B02B5A8851008D85F7 /* Frameworks */,
				22AEB8B12B5A8851008D85F7 /* Resources */,
			);
			buildRules = (
			);
			dependencies = (
				22AEB8B52B5A8851008D85F7 /* PBXTargetDependency */,
			);
			name = SwiftShowcaseTests;
			productName = SwiftShowcaseTests;
			productReference = 22AEB8B32B5A8851008D85F7 /* SwiftShowcaseTests.xctest */;
			productType = "com.apple.product-type.bundle.unit-test";
		};
		22AEB8BC2B5A8851008D85F7 /* SwiftShowcaseUITests */ = {
			isa = PBXNativeTarget;
			buildConfigurationList = 22AEB8CD2B5A8851008D85F7 /* Build configuration list for PBXNativeTarget "SwiftShowcaseUITests" */;
			buildPhases = (
				22AEB8B92B5A8851008D85F7 /* Sources */,
				22AEB8BA2B5A8851008D85F7 /* Frameworks */,
				22AEB8BB2B5A8851008D85F7 /* Resources */,
			);
			buildRules = (
			);
			dependencies = (
				22AEB8BF2B5A8851008D85F7 /* PBXTargetDependency */,
			);
			name = SwiftShowcaseUITests;
			productName = SwiftShowcaseUITests;
			productReference = 22AEB8BD2B5A8851008D85F7 /* SwiftShowcaseUITests.xctest */;
			productType = "com.apple.product-type.bundle.ui-testing";
		};
/* End PBXNativeTarget section */

/* Begin PBXProject section */
		22AEB8992B5A8850008D85F7 /* Project object */ = {
			isa = PBXProject;
			attributes = {
				BuildIndependentTargetsInParallel = 1;
				LastSwiftUpdateCheck = 1520;
				LastUpgradeCheck = 1520;
				TargetAttributes = {
					22AEB8A02B5A8850008D85F7 = {
						CreatedOnToolsVersion = 15.2;
					};
					22AEB8B22B5A8851008D85F7 = {
						CreatedOnToolsVersion = 15.2;
						TestTargetID = 22AEB8A02B5A8850008D85F7;
					};
					22AEB8BC2B5A8851008D85F7 = {
						CreatedOnToolsVersion = 15.2;
						TestTargetID = 22AEB8A02B5A8850008D85F7;
					};
				};
			};
			buildConfigurationList = 22AEB89C2B5A8850008D85F7 /* Build configuration list for PBXProject "SwiftShowcase" */;
			compatibilityVersion = "Xcode 14.0";
			developmentRegion = en;
			hasScannedForEncodings = 0;
			knownRegions = (
				en,
				Base,
			);
			mainGroup = 22AEB8982B5A8850008D85F7;
			packageReferences = (
				220778162B5D1A8F006411E8 /* XCRemoteSwiftPackageReference "SwiftLint" */,
			);
			productRefGroup = 22AEB8A22B5A8850008D85F7 /* Products */;
			projectDirPath = "";
			projectRoot = "";
			targets = (
				22AEB8A02B5A8850008D85F7 /* SwiftShowcase */,
				22AEB8B22B5A8851008D85F7 /* SwiftShowcaseTests */,
				22AEB8BC2B5A8851008D85F7 /* SwiftShowcaseUITests */,
			);
		};
/* End PBXProject section */

/* Begin PBXResourcesBuildPhase section */
		22AEB89F2B5A8850008D85F7 /* Resources */ = {
			isa = PBXResourcesBuildPhase;
			buildActionMask = 2147483647;
			files = (
				22AEB8AE2B5A8851008D85F7 /* Preview Assets.xcassets in Resources */,
				22AEB8AB2B5A8851008D85F7 /* Assets.xcassets in Resources */,
			);
			runOnlyForDeploymentPostprocessing = 0;
		};
		22AEB8B12B5A8851008D85F7 /* Resources */ = {
			isa = PBXResourcesBuildPhase;
			buildActionMask = 2147483647;
			files = (
			);
			runOnlyForDeploymentPostprocessing = 0;
		};
		22AEB8BB2B5A8851008D85F7 /* Resources */ = {
			isa = PBXResourcesBuildPhase;
			buildActionMask = 2147483647;
			files = (
			);
			runOnlyForDeploymentPostprocessing = 0;
		};
/* End PBXResourcesBuildPhase section */

/* Begin PBXSourcesBuildPhase section */
		22AEB89D2B5A8850008D85F7 /* Sources */ = {
			isa = PBXSourcesBuildPhase;
			buildActionMask = 2147483647;
			files = (
				22AEB8A72B5A8850008D85F7 /* ContentView.swift in Sources */,
				22AEB8A92B5A8850008D85F7 /* Item.swift in Sources */,
				22AEB8A52B5A8850008D85F7 /* SwiftShowcaseApp.swift in Sources */,
			);
			runOnlyForDeploymentPostprocessing = 0;
		};
		22AEB8AF2B5A8851008D85F7 /* Sources */ = {
			isa = PBXSourcesBuildPhase;
			buildActionMask = 2147483647;
			files = (
				22AEB8B82B5A8851008D85F7 /* SwiftShowcaseTests.swift in Sources */,
			);
			runOnlyForDeploymentPostprocessing = 0;
		};
		22AEB8B92B5A8851008D85F7 /* Sources */ = {
			isa = PBXSourcesBuildPhase;
			buildActionMask = 2147483647;
			files = (
				22AEB8C22B5A8851008D85F7 /* SwiftShowcaseUITests.swift in Sources */,
				22AEB8C42B5A8851008D85F7 /* SwiftShowcaseUITestsLaunchTests.swift in Sources */,
			);
			runOnlyForDeploymentPostprocessing = 0;
		};
/* End PBXSourcesBuildPhase section */

/* Begin PBXTargetDependency section */
		220778182B5D1AB7006411E8 /* PBXTargetDependency */ = {
			isa = PBXTargetDependency;
			productRef = 220778172B5D1AB7006411E8 /* SwiftLintPlugin */;
		};
		22AEB8B52B5A8851008D85F7 /* PBXTargetDependency */ = {
			isa = PBXTargetDependency;
			target = 22AEB8A02B5A8850008D85F7 /* SwiftShowcase */;
			targetProxy = 22AEB8B42B5A8851008D85F7 /* PBXContainerItemProxy */;
		};
		22AEB8BF2B5A8851008D85F7 /* PBXTargetDependency */ = {
			isa = PBXTargetDependency;
			target = 22AEB8A02B5A8850008D85F7 /* SwiftShowcase */;
			targetProxy = 22AEB8BE2B5A8851008D85F7 /* PBXContainerItemProxy */;
		};
/* End PBXTargetDependency section */

/* Begin XCBuildConfiguration section */
		22AEB8C52B5A8851008D85F7 /* Debug */ = {
			isa = XCBuildConfiguration;
			buildSettings = {
				ALWAYS_SEARCH_USER_PATHS = NO;
				ASSETCATALOG_COMPILER_GENERATE_SWIFT_ASSET_SYMBOL_EXTENSIONS = YES;
				CLANG_ANALYZER_NONNULL = YES;
				CLANG_ANALYZER_NUMBER_OBJECT_CONVERSION = YES_AGGRESSIVE;
				CLANG_CXX_LANGUAGE_STANDARD = "gnu++20";
				CLANG_ENABLE_MODULES = YES;
				CLANG_ENABLE_OBJC_ARC = YES;
				CLANG_ENABLE_OBJC_WEAK = YES;
				CLANG_WARN_BLOCK_CAPTURE_AUTORELEASING = YES;
				CLANG_WARN_BOOL_CONVERSION = YES;
				CLANG_WARN_COMMA = YES;
				CLANG_WARN_CONSTANT_CONVERSION = YES;
				CLANG_WARN_DEPRECATED_OBJC_IMPLEMENTATIONS = YES;
				CLANG_WARN_DIRECT_OBJC_ISA_USAGE = YES_ERROR;
				CLANG_WARN_DOCUMENTATION_COMMENTS = YES;
				CLANG_WARN_EMPTY_BODY = YES;
				CLANG_WARN_ENUM_CONVERSION = YES;
				CLANG_WARN_INFINITE_RECURSION = YES;
				CLANG_WARN_INT_CONVERSION = YES;
				CLANG_WARN_NON_LITERAL_NULL_CONVERSION = YES;
				CLANG_WARN_OBJC_IMPLICIT_RETAIN_SELF = YES;
				CLANG_WARN_OBJC_LITERAL_CONVERSION = YES;
				CLANG_WARN_OBJC_ROOT_CLASS = YES_ERROR;
				CLANG_WARN_QUOTED_INCLUDE_IN_FRAMEWORK_HEADER = YES;
				CLANG_WARN_RANGE_LOOP_ANALYSIS = YES;
				CLANG_WARN_STRICT_PROTOTYPES = YES;
				CLANG_WARN_SUSPICIOUS_MOVE = YES;
				CLANG_WARN_UNGUARDED_AVAILABILITY = YES_AGGRESSIVE;
				CLANG_WARN_UNREACHABLE_CODE = YES;
				CLANG_WARN__DUPLICATE_METHOD_MATCH = YES;
				COPY_PHASE_STRIP = NO;
				DEBUG_INFORMATION_FORMAT = dwarf;
				ENABLE_STRICT_OBJC_MSGSEND = YES;
				ENABLE_TESTABILITY = YES;
				ENABLE_USER_SCRIPT_SANDBOXING = YES;
				GCC_C_LANGUAGE_STANDARD = gnu17;
				GCC_DYNAMIC_NO_PIC = NO;
				GCC_NO_COMMON_BLOCKS = YES;
				GCC_OPTIMIZATION_LEVEL = 0;
				GCC_PREPROCESSOR_DEFINITIONS = (
					"DEBUG=1",
					"$(inherited)",
				);
				GCC_WARN_64_TO_32_BIT_CONVERSION = YES;
				GCC_WARN_ABOUT_RETURN_TYPE = YES_ERROR;
				GCC_WARN_UNDECLARED_SELECTOR = YES;
				GCC_WARN_UNINITIALIZED_AUTOS = YES_AGGRESSIVE;
				GCC_WARN_UNUSED_FUNCTION = YES;
				GCC_WARN_UNUSED_VARIABLE = YES;
				IPHONEOS_DEPLOYMENT_TARGET = 17.2;
				LOCALIZATION_PREFERS_STRING_CATALOGS = YES;
				MTL_ENABLE_DEBUG_INFO = INCLUDE_SOURCE;
				MTL_FAST_MATH = YES;
				ONLY_ACTIVE_ARCH = YES;
				SDKROOT = iphoneos;
				SWIFT_ACTIVE_COMPILATION_CONDITIONS = "DEBUG $(inherited)";
				SWIFT_OPTIMIZATION_LEVEL = "-Onone";
			};
			name = Debug;
		};
		22AEB8C62B5A8851008D85F7 /* Release */ = {
			isa = XCBuildConfiguration;
			buildSettings = {
				ALWAYS_SEARCH_USER_PATHS = NO;
				ASSETCATALOG_COMPILER_GENERATE_SWIFT_ASSET_SYMBOL_EXTENSIONS = YES;
				CLANG_ANALYZER_NONNULL = YES;
				CLANG_ANALYZER_NUMBER_OBJECT_CONVERSION = YES_AGGRESSIVE;
				CLANG_CXX_LANGUAGE_STANDARD = "gnu++20";
				CLANG_ENABLE_MODULES = YES;
				CLANG_ENABLE_OBJC_ARC = YES;
				CLANG_ENABLE_OBJC_WEAK = YES;
				CLANG_WARN_BLOCK_CAPTURE_AUTORELEASING = YES;
				CLANG_WARN_BOOL_CONVERSION = YES;
				CLANG_WARN_COMMA = YES;
				CLANG_WARN_CONSTANT_CONVERSION = YES;
				CLANG_WARN_DEPRECATED_OBJC_IMPLEMENTATIONS = YES;
				CLANG_WARN_DIRECT_OBJC_ISA_USAGE = YES_ERROR;
				CLANG_WARN_DOCUMENTATION_COMMENTS = YES;
				CLANG_WARN_EMPTY_BODY = YES;
				CLANG_WARN_ENUM_CONVERSION = YES;
				CLANG_WARN_INFINITE_RECURSION = YES;
				CLANG_WARN_INT_CONVERSION = YES;
				CLANG_WARN_NON_LITERAL_NULL_CONVERSION = YES;
				CLANG_WARN_OBJC_IMPLICIT_RETAIN_SELF = YES;
				CLANG_WARN_OBJC_LITERAL_CONVERSION = YES;
				CLANG_WARN_OBJC_ROOT_CLASS = YES_ERROR;
				CLANG_WARN_QUOTED_INCLUDE_IN_FRAMEWORK_HEADER = YES;
				CLANG_WARN_RANGE_LOOP_ANALYSIS = YES;
				CLANG_WARN_STRICT_PROTOTYPES = YES;
				CLANG_WARN_SUSPICIOUS_MOVE = YES;
				CLANG_WARN_UNGUARDED_AVAILABILITY = YES_AGGRESSIVE;
				CLANG_WARN_UNREACHABLE_CODE = YES;
				CLANG_WARN__DUPLICATE_METHOD_MATCH = YES;
				COPY_PHASE_STRIP = NO;
				DEBUG_INFORMATION_FORMAT = "dwarf-with-dsym";
				ENABLE_NS_ASSERTIONS = NO;
				ENABLE_STRICT_OBJC_MSGSEND = YES;
				ENABLE_USER_SCRIPT_SANDBOXING = YES;
				GCC_C_LANGUAGE_STANDARD = gnu17;
				GCC_NO_COMMON_BLOCKS = YES;
				GCC_WARN_64_TO_32_BIT_CONVERSION = YES;
				GCC_WARN_ABOUT_RETURN_TYPE = YES_ERROR;
				GCC_WARN_UNDECLARED_SELECTOR = YES;
				GCC_WARN_UNINITIALIZED_AUTOS = YES_AGGRESSIVE;
				GCC_WARN_UNUSED_FUNCTION = YES;
				GCC_WARN_UNUSED_VARIABLE = YES;
				IPHONEOS_DEPLOYMENT_TARGET = 17.2;
				LOCALIZATION_PREFERS_STRING_CATALOGS = YES;
				MTL_ENABLE_DEBUG_INFO = NO;
				MTL_FAST_MATH = YES;
				SDKROOT = iphoneos;
				SWIFT_COMPILATION_MODE = wholemodule;
				VALIDATE_PRODUCT = YES;
			};
			name = Release;
		};
		22AEB8C82B5A8851008D85F7 /* Debug */ = {
			isa = XCBuildConfiguration;
			buildSettings = {
				ASSETCATALOG_COMPILER_APPICON_NAME = AppIcon;
				ASSETCATALOG_COMPILER_GLOBAL_ACCENT_COLOR_NAME = AccentColor;
				CODE_SIGN_STYLE = Automatic;
				CURRENT_PROJECT_VERSION = 1;
				DEVELOPMENT_ASSET_PATHS = "\"SwiftShowcase/Preview Content\"";
				DEVELOPMENT_TEAM = AASSHMNAG6;
				ENABLE_PREVIEWS = YES;
				ENABLE_USER_SCRIPT_SANDBOXING = NO;
				GENERATE_INFOPLIST_FILE = YES;
				INFOPLIST_KEY_UIApplicationSceneManifest_Generation = YES;
				INFOPLIST_KEY_UIApplicationSupportsIndirectInputEvents = YES;
				INFOPLIST_KEY_UILaunchScreen_Generation = YES;
				INFOPLIST_KEY_UISupportedInterfaceOrientations_iPad = "UIInterfaceOrientationPortrait UIInterfaceOrientationPortraitUpsideDown UIInterfaceOrientationLandscapeLeft UIInterfaceOrientationLandscapeRight";
				INFOPLIST_KEY_UISupportedInterfaceOrientations_iPhone = "UIInterfaceOrientationPortrait UIInterfaceOrientationLandscapeLeft UIInterfaceOrientationLandscapeRight";
				LD_RUNPATH_SEARCH_PATHS = (
					"$(inherited)",
					"@executable_path/Frameworks",
				);
				MARKETING_VERSION = 1.0;
				PRODUCT_BUNDLE_IDENTIFIER = com.example.SwiftShowcase;
				PRODUCT_NAME = "$(TARGET_NAME)";
				SWIFT_EMIT_LOC_STRINGS = YES;
				SWIFT_VERSION = 5.0;
				TARGETED_DEVICE_FAMILY = "1,2";
			};
			name = Debug;
		};
		22AEB8C92B5A8851008D85F7 /* Release */ = {
			isa = XCBuildConfiguration;
			buildSettings = {
				ASSETCATALOG_COMPILER_APPICON_NAME = AppIcon;
				ASSETCATALOG_COMPILER_GLOBAL_ACCENT_COLOR_NAME = AccentColor;
				CODE_SIGN_STYLE = Automatic;
				CURRENT_PROJECT_VERSION = 1;
				DEVELOPMENT_ASSET_PATHS = "\"SwiftShowcase/Preview Content\"";
				DEVELOPMENT_TEAM = AASSHMNAG6;
				ENABLE_PREVIEWS = YES;
				ENABLE_USER_SCRIPT_SANDBOXING = NO;
				GENERATE_INFOPLIST_FILE = YES;
				INFOPLIST_KEY_UIApplicationSceneManifest_Generation = YES;
				INFOPLIST_KEY_UIApplicationSupportsIndirectInputEvents = YES;
				INFOPLIST_KEY_UILaunchScreen_Generation = YES;
				INFOPLIST_KEY_UISupportedInterfaceOrientations_iPad = "UIInterfaceOrientationPortrait UIInterfaceOrientationPortraitUpsideDown UIInterfaceOrientationLandscapeLeft UIInterfaceOrientationLandscapeRight";
				INFOPLIST_KEY_UISupportedInterfaceOrientations_iPhone = "UIInterfaceOrientationPortrait UIInterfaceOrientationLandscapeLeft UIInterfaceOrientationLandscapeRight";
				LD_RUNPATH_SEARCH_PATHS = (
					"$(inherited)",
					"@executable_path/Frameworks",
				);
				MARKETING_VERSION = 1.0;
				PRODUCT_BUNDLE_IDENTIFIER = com.example.SwiftShowcase;
				PRODUCT_NAME = "$(TARGET_NAME)";
				SWIFT_EMIT_LOC_STRINGS = YES;
				SWIFT_VERSION = 5.0;
				TARGETED_DEVICE_FAMILY = "1,2";
			};
			name = Release;
		};
		22AEB8CB2B5A8851008D85F7 /* Debug */ = {
			isa = XCBuildConfiguration;
			buildSettings = {
				ALWAYS_EMBED_SWIFT_STANDARD_LIBRARIES = YES;
				BUNDLE_LOADER = "$(TEST_HOST)";
				CODE_SIGN_STYLE = Automatic;
				CURRENT_PROJECT_VERSION = 1;
				DEVELOPMENT_TEAM = AASSHMNAG6;
				GENERATE_INFOPLIST_FILE = YES;
				IPHONEOS_DEPLOYMENT_TARGET = 17.2;
				MARKETING_VERSION = 1.0;
				PRODUCT_BUNDLE_IDENTIFIER = com.example.SwiftShowcaseTests;
				PRODUCT_NAME = "$(TARGET_NAME)";
				SWIFT_EMIT_LOC_STRINGS = NO;
				SWIFT_VERSION = 5.0;
				TARGETED_DEVICE_FAMILY = "1,2";
				TEST_HOST = "$(BUILT_PRODUCTS_DIR)/SwiftShowcase.app/$(BUNDLE_EXECUTABLE_FOLDER_PATH)/SwiftShowcase";
			};
			name = Debug;
		};
		22AEB8CC2B5A8851008D85F7 /* Release */ = {
			isa = XCBuildConfiguration;
			buildSettings = {
				ALWAYS_EMBED_SWIFT_STANDARD_LIBRARIES = YES;
				BUNDLE_LOADER = "$(TEST_HOST)";
				CODE_SIGN_STYLE = Automatic;
				CURRENT_PROJECT_VERSION = 1;
				DEVELOPMENT_TEAM = AASSHMNAG6;
				GENERATE_INFOPLIST_FILE = YES;
				IPHONEOS_DEPLOYMENT_TARGET = 17.2;
				MARKETING_VERSION = 1.0;
				PRODUCT_BUNDLE_IDENTIFIER = com.example.SwiftShowcaseTests;
				PRODUCT_NAME = "$(TARGET_NAME)";
				SWIFT_EMIT_LOC_STRINGS = NO;
				SWIFT_VERSION = 5.0;
				TARGETED_DEVICE_FAMILY = "1,2";
				TEST_HOST = "$(BUILT_PRODUCTS_DIR)/SwiftShowcase.app/$(BUNDLE_EXECUTABLE_FOLDER_PATH)/SwiftShowcase";
			};
			name = Release;
		};
		22AEB8CE2B5A8851008D85F7 /* Debug */ = {
			isa = XCBuildConfiguration;
			buildSettings = {
				ALWAYS_EMBED_SWIFT_STANDARD_LIBRARIES = YES;
				CODE_SIGN_STYLE = Automatic;
				CURRENT_PROJECT_VERSION = 1;
				DEVELOPMENT_TEAM = AASSHMNAG6;
				GENERATE_INFOPLIST_FILE = YES;
				MARKETING_VERSION = 1.0;
				PRODUCT_BUNDLE_IDENTIFIER = com.example.SwiftShowcaseUITests;
				PRODUCT_NAME = "$(TARGET_NAME)";
				SWIFT_EMIT_LOC_STRINGS = NO;
				SWIFT_VERSION = 5.0;
				TARGETED_DEVICE_FAMILY = "1,2";
				TEST_TARGET_NAME = SwiftShowcase;
			};
			name = Debug;
		};
		22AEB8CF2B5A8851008D85F7 /* Release */ = {
			isa = XCBuildConfiguration;
			buildSettings = {
				ALWAYS_EMBED_SWIFT_STANDARD_LIBRARIES = YES;
				CODE_SIGN_STYLE = Automatic;
				CURRENT_PROJECT_VERSION = 1;
				DEVELOPMENT_TEAM = AASSHMNAG6;
				GENERATE_INFOPLIST_FILE = YES;
				MARKETING_VERSION = 1.0;
				PRODUCT_BUNDLE_IDENTIFIER = com.example.SwiftShowcaseUITests;
				PRODUCT_NAME = "$(TARGET_NAME)";
				SWIFT_EMIT_LOC_STRINGS = NO;
				SWIFT_VERSION = 5.0;
				TARGETED_DEVICE_FAMILY = "1,2";
				TEST_TARGET_NAME = SwiftShowcase;
			};
			name = Release;
		};
/* End XCBuildConfiguration section */

/* Begin XCConfigurationList section */
		22AEB89C2B5A8850008D85F7 /* Build configuration list for PBXProject "SwiftShowcase" */ = {
			isa = XCConfigurationList;
			buildConfigurations = (
				22AEB8C52B5A8851008D85F7 /* Debug */,
				22AEB8C62B5A8851008D85F7 /* Release */,
			);
			defaultConfigurationIsVisible = 0;
			defaultConfigurationName = Release;
		};
		22AEB8C72B5A8851008D85F7 /* Build configuration list for PBXNativeTarget "SwiftShowcase" */ = {
			isa = XCConfigurationList;
			buildConfigurations = (
				22AEB8C82B5A8851008D85F7 /* Debug */,
				22AEB8C92B5A8851008D85F7 /* Release */,
			);
			defaultConfigurationIsVisible = 0;
			defaultConfigurationName = Release;
		};
		22AEB8CA2B5A8851008D85F7 /* Build configuration list for PBXNativeTarget "SwiftShowcaseTests" */ = {
			isa = XCConfigurationList;
			buildConfigurations = (
				22AEB8CB2B5A8851008D85F7 /* Debug */,
				22AEB8CC2B5A8851008D85F7 /* Release */,
			);
			defaultConfigurationIsVisible = 0;
			defaultConfigurationName = Release;
		};
		22AEB8CD2B5A8851008D85F7 /* Build configuration list for PBXNativeTarget "SwiftShowcaseUITests" */ = {
			isa = XCConfigurationList;
			buildConfigurations = (
				22AEB8CE2B5A8851008D85F7 /* Debug */,
				22AEB8CF2B5A8851008D85F7 /* Release */,
			);
			defaultConfigurationIsVisible = 0;
			defaultConfigurationName = Release;
		};
/* End XCConfigurationList section */

/* Begin XCRemoteSwiftPackageReference section */
		220778162B5D1A8F006411E8 /* XCRemoteSwiftPackageReference "SwiftLint" */ = {
			isa = XCRemoteSwiftPackageReference;
			repositoryURL = "https://github.com/realm/SwiftLint.git";
			requirement = {
				kind = upToNextMajorVersion;
				minimumVersion = 0.54.0;
			};
		};
/* End XCRemoteSwiftPackageReference section */

/* Begin XCSwiftPackageProductDependency section */
		220778172B5D1AB7006411E8 /* SwiftLintPlugin */ = {
			isa = XCSwiftPackageProductDependency;
			package = 220778162B5D1A8F006411E8 /* XCRemoteSwiftPackageReference "SwiftLint" */;
			productName = "plugin:SwiftLintPlugin";
		};
/* End XCSwiftPackageProductDependency section */
	};
	rootObject = 22AEB8992B5A8850008D85F7 /* Project object */;
}
